
Microsoft Visual Studio Solution File, Format Version 11.00
# Visual Studio 2010
Project("{FAE04EC0-301F-11D3-BF4B-00C04F79EFBC}") = "Assembly-CSharp", "Assembly-CSharp.csproj", "{107a6e2a-4eab-b9ff-329f-3e5ec0099f72}"
EndProject
Project("{FAE04EC0-301F-11D3-BF4B-00C04F79EFBC}") = "AstarPathfindingProject", "AstarPathfindingProject.csproj", "{a18f2107-105c-657b-34ae-c531d4bcce5f}"
EndProject
Project("{FAE04EC0-301F-11D3-BF4B-00C04F79EFBC}") = "AstarPathfindingProjectEditor", "AstarPathfindingProjectEditor.csproj", "{0274a0ba-85ee-bf2c-70d3-a08e3b51eddb}"
EndProject
Project("{FAE04EC0-301F-11D3-BF4B-00C04F79EFBC}") = "PackageToolsEditor", "PackageToolsEditor.csproj", "{de3276fc-95ac-2f72-5380-12a4b4a1d544}"
EndProject
Global
	GlobalSection(SolutionConfigurationPlatforms) = preSolution
		Debug|Any CPU = Debug|Any CPU
	EndGlobalSection
	GlobalSection(ProjectConfigurationPlatforms) = postSolution
		{107a6e2a-4eab-b9ff-329f-3e5ec0099f72}.Debug|Any CPU.ActiveCfg = Debug|Any CPU
		{107a6e2a-4eab-b9ff-329f-3e5ec0099f72}.Debug|Any CPU.Build.0 = Debug|Any CPU
		{a18f2107-105c-657b-34ae-c531d4bcce5f}.Debug|Any CPU.ActiveCfg = Debug|Any CPU
		{a18f2107-105c-657b-34ae-c531d4bcce5f}.Debug|Any CPU.Build.0 = Debug|Any CPU
		{0274a0ba-85ee-bf2c-70d3-a08e3b51eddb}.Debug|Any CPU.ActiveCfg = Debug|Any CPU
		{0274a0ba-85ee-bf2c-70d3-a08e3b51eddb}.Debug|Any CPU.Build.0 = Debug|Any CPU
		{de3276fc-95ac-2f72-5380-12a4b4a1d544}.Debug|Any CPU.ActiveCfg = Debug|Any CPU
		{de3276fc-95ac-2f72-5380-12a4b4a1d544}.Debug|Any CPU.Build.0 = Debug|Any CPU
	EndGlobalSection
	GlobalSection(SolutionProperties) = preSolution
		HideSolutionNode = FALSE
	EndGlobalSection
EndGlobal
